
Microsoft Visual Studio Solution File, Format Version 12.00
# Visual Studio Version 16
VisualStudioVersion = 16.0.29424.173
MinimumVisualStudioVersion = 10.0.40219.1
Project("{FAE04EC0-301F-11D3-BF4B-00C04F79EFBC}") = "CustomSearchWindowsForm", "CustomSearchWindowsForm\CustomSearchWindowsForm.csproj", "{003A3D88-ACB5-4592-9354-11A3B3D172D9}"
EndProject
Global
	GlobalSection(SolutionConfigurationPlatforms) = preSolution
		Debug|Any CPU = Debug|Any CPU
		Release|Any CPU = Release|Any CPU
	EndGlobalSection
	GlobalSection(ProjectConfigurationPlatforms) = postSolution
		{003A3D88-ACB5-4592-9354-11A3B3D172D9}.Debug|Any CPU.ActiveCfg = Debug|Any CPU
		{003A3D88-ACB5-4592-9354-11A3B3D172D9}.Debug|Any CPU.Build.0 = Debug|Any CPU
		{003A3D88-ACB5-4592-9354-11A3B3D172D9}.Release|Any CPU.ActiveCfg = Release|Any CPU
		{003A3D88-ACB5-4592-9354-11A3B3D172D9}.Release|Any CPU.Build.0 = Release|Any CPU
	EndGlobalSection
	GlobalSection(SolutionProperties) = preSolution
		HideSolutionNode = FALSE
	EndGlobalSection
	GlobalSection(ExtensibilityGlobals) = postSolution
		SolutionGuid = {19FBDFCF-47BE-4FBE-AC73-9A8716AECFF9}
	EndGlobalSection
EndGlobal
